// !$*UTF8*$!
{
	archiveVersion = 1;
	classes = {
	};
	objectVersion = 46;
	objects = {

/* Begin PBXBuildFile section */
		54DDEBD17FA94C96B5789944 /* libPods.a in Frameworks */ = {isa = PBXBuildFile; fileRef = 0A71BD65F71C4B90A482C259 /* libPods.a */; };
		E9AE934A18C60D3100CD4E31 /* Foundation.framework in Frameworks */ = {isa = PBXBuildFile; fileRef = E9AE934918C60D3100CD4E31 /* Foundation.framework */; };
		E9AE934C18C60D3100CD4E31 /* CoreGraphics.framework in Frameworks */ = {isa = PBXBuildFile; fileRef = E9AE934B18C60D3100CD4E31 /* CoreGraphics.framework */; };
		E9AE934E18C60D3100CD4E31 /* UIKit.framework in Frameworks */ = {isa = PBXBuildFile; fileRef = E9AE934D18C60D3100CD4E31 /* UIKit.framework */; };
		E9AE935418C60D3100CD4E31 /* InfoPlist.strings in Resources */ = {isa = PBXBuildFile; fileRef = E9AE935218C60D3100CD4E31 /* InfoPlist.strings */; };
		E9AE935618C60D3100CD4E31 /* main.m in Sources */ = {isa = PBXBuildFile; fileRef = E9AE935518C60D3100CD4E31 /* main.m */; };
		E9AE935A18C60D3100CD4E31 /* AppDelegate.m in Sources */ = {isa = PBXBuildFile; fileRef = E9AE935918C60D3100CD4E31 /* AppDelegate.m */; };
		E9AE935D18C60D3100CD4E31 /* Main.storyboard in Resources */ = {isa = PBXBuildFile; fileRef = E9AE935B18C60D3100CD4E31 /* Main.storyboard */; };
		E9AE936018C60D3100CD4E31 /* ViewController.m in Sources */ = {isa = PBXBuildFile; fileRef = E9AE935F18C60D3100CD4E31 /* ViewController.m */; };
		E9AE936218C60D3100CD4E31 /* Images.xcassets in Resources */ = {isa = PBXBuildFile; fileRef = E9AE936118C60D3100CD4E31 /* Images.xcassets */; };
		E9AE936918C60D3100CD4E31 /* XCTest.framework in Frameworks */ = {isa = PBXBuildFile; fileRef = E9AE936818C60D3100CD4E31 /* XCTest.framework */; };
		E9AE936A18C60D3100CD4E31 /* Foundation.framework in Frameworks */ = {isa = PBXBuildFile; fileRef = E9AE934918C60D3100CD4E31 /* Foundation.framework */; };
		E9AE936B18C60D3100CD4E31 /* UIKit.framework in Frameworks */ = {isa = PBXBuildFile; fileRef = E9AE934D18C60D3100CD4E31 /* UIKit.framework */; };
		E9AE937318C60D3100CD4E31 /* InfoPlist.strings in Resources */ = {isa = PBXBuildFile; fileRef = E9AE937118C60D3100CD4E31 /* InfoPlist.strings */; };
		E9AE937518C60D3100CD4E31 /* Flip_your_phone_Tests.m in Sources */ = {isa = PBXBuildFile; fileRef = E9AE937418C60D3100CD4E31 /* Flip_your_phone_Tests.m */; };
		E9AE93C018C63B2900CD4E31 /* reset_button_enabled@2x.png in Resources */ = {isa = PBXBuildFile; fileRef = E9AE93B418C63B2900CD4E31 /* reset_button_enabled@2x.png */; };
		E9AE93C118C63B2900CD4E31 /* stop_button_enabled@2x.png in Resources */ = {isa = PBXBuildFile; fileRef = E9AE93B518C63B2900CD4E31 /* stop_button_enabled@2x.png */; };
		E9AE93C218C63B2900CD4E31 /* start_button_disabled@2x.png in Resources */ = {isa = PBXBuildFile; fileRef = E9AE93B618C63B2900CD4E31 /* start_button_disabled@2x.png */; };
		E9AE93C318C63B2900CD4E31 /* reset_button_enabled.png in Resources */ = {isa = PBXBuildFile; fileRef = E9AE93B718C63B2900CD4E31 /* reset_button_enabled.png */; };
		E9AE93C418C63B2900CD4E31 /* start_button_disabled.png in Resources */ = {isa = PBXBuildFile; fileRef = E9AE93B818C63B2900CD4E31 /* start_button_disabled.png */; };
		E9AE93C518C63B2900CD4E31 /* reset_button_disabled.png in Resources */ = {isa = PBXBuildFile; fileRef = E9AE93B918C63B2900CD4E31 /* reset_button_disabled.png */; };
		E9AE93C618C63B2900CD4E31 /* stop_button_disabled.png in Resources */ = {isa = PBXBuildFile; fileRef = E9AE93BA18C63B2900CD4E31 /* stop_button_disabled.png */; };
		E9AE93C718C63B2900CD4E31 /* stop_button_enabled.png in Resources */ = {isa = PBXBuildFile; fileRef = E9AE93BB18C63B2900CD4E31 /* stop_button_enabled.png */; };
		E9AE93C818C63B2900CD4E31 /* stop_button_disabled@2x.png in Resources */ = {isa = PBXBuildFile; fileRef = E9AE93BC18C63B2900CD4E31 /* stop_button_disabled@2x.png */; };
		E9AE93C918C63B2900CD4E31 /* reset_button_disabled@2x.png in Resources */ = {isa = PBXBuildFile; fileRef = E9AE93BD18C63B2900CD4E31 /* reset_button_disabled@2x.png */; };
		E9AE93CA18C63B2900CD4E31 /* start_button_enabled@2x.png in Resources */ = {isa = PBXBuildFile; fileRef = E9AE93BE18C63B2900CD4E31 /* start_button_enabled@2x.png */; };
		E9AE93CB18C63B2900CD4E31 /* start_button_enabled.png in Resources */ = {isa = PBXBuildFile; fileRef = E9AE93BF18C63B2900CD4E31 /* start_button_enabled.png */; };
		E9AE93CD18C63F1600CD4E31 /* CoreMotion.framework in Frameworks */ = {isa = PBXBuildFile; fileRef = E9AE93CC18C63F1600CD4E31 /* CoreMotion.framework */; };
		E9AE93D018C6705A00CD4E31 /* MyActivityItemProvider.m in Sources */ = {isa = PBXBuildFile; fileRef = E9AE93CF18C6705A00CD4E31 /* MyActivityItemProvider.m */; };
		E9AE93D518C68F2400CD4E31 /* flip_image.png in Resources */ = {isa = PBXBuildFile; fileRef = E9AE93D318C68F2400CD4E31 /* flip_image.png */; };
		E9AE93D618C68F2400CD4E31 /* flip_image@2x.png in Resources */ = {isa = PBXBuildFile; fileRef = E9AE93D418C68F2400CD4E31 /* flip_image@2x.png */; };
		E9AE93D918C6912200CD4E31 /* share_image@2x.png in Resources */ = {isa = PBXBuildFile; fileRef = E9AE93D718C6912200CD4E31 /* share_image@2x.png */; };
		E9AE93DA18C6912200CD4E31 /* share_image.png in Resources */ = {isa = PBXBuildFile; fileRef = E9AE93D818C6912200CD4E31 /* share_image.png */; };
		E9AE93DF18C694BB00CD4E31 /* follow_us.png in Resources */ = {isa = PBXBuildFile; fileRef = E9AE93DD18C694BB00CD4E31 /* follow_us.png */; };
		E9AE93E018C694BB00CD4E31 /* follow_us@2x.png in Resources */ = {isa = PBXBuildFile; fileRef = E9AE93DE18C694BB00CD4E31 /* follow_us@2x.png */; };
		E9AE93E318C6951800CD4E31 /* InformationViewController.m in Sources */ = {isa = PBXBuildFile; fileRef = E9AE93E218C6951700CD4E31 /* InformationViewController.m */; };
/* End PBXBuildFile section */

/* Begin PBXContainerItemProxy section */
		E9AE936C18C60D3100CD4E31 /* PBXContainerItemProxy */ = {
			isa = PBXContainerItemProxy;
			containerPortal = E9AE933E18C60D3100CD4E31 /* Project object */;
			proxyType = 1;
			remoteGlobalIDString = E9AE934518C60D3100CD4E31;
			remoteInfo = "Flip your phone!";
		};
/* End PBXContainerItemProxy section */

/* Begin PBXFileReference section */
		0A71BD65F71C4B90A482C259 /* libPods.a */ = {isa = PBXFileReference; explicitFileType = archive.ar; includeInIndex = 0; path = libPods.a; sourceTree = BUILT_PRODUCTS_DIR; };
		1212F885131D4BCEBF4E1C14 /* Pods.xcconfig */ = {isa = PBXFileReference; includeInIndex = 1; lastKnownFileType = text.xcconfig; name = Pods.xcconfig; path = Pods/Pods.xcconfig; sourceTree = "<group>"; };
		E9AE934618C60D3100CD4E31 /* Flip your phone!.app */ = {isa = PBXFileReference; explicitFileType = wrapper.application; includeInIndex = 0; path = "Flip your phone!.app"; sourceTree = BUILT_PRODUCTS_DIR; };
		E9AE934918C60D3100CD4E31 /* Foundation.framework */ = {isa = PBXFileReference; lastKnownFileType = wrapper.framework; name = Foundation.framework; path = System/Library/Frameworks/Foundation.framework; sourceTree = SDKROOT; };
		E9AE934B18C60D3100CD4E31 /* CoreGraphics.framework */ = {isa = PBXFileReference; lastKnownFileType = wrapper.framework; name = CoreGraphics.framework; path = System/Library/Frameworks/CoreGraphics.framework; sourceTree = SDKROOT; };
		E9AE934D18C60D3100CD4E31 /* UIKit.framework */ = {isa = PBXFileReference; lastKnownFileType = wrapper.framework; name = UIKit.framework; path = System/Library/Frameworks/UIKit.framework; sourceTree = SDKROOT; };
		E9AE935118C60D3100CD4E31 /* Flip your phone!-Info.plist */ = {isa = PBXFileReference; lastKnownFileType = text.plist.xml; path = "Flip your phone!-Info.plist"; sourceTree = "<group>"; };
		E9AE935318C60D3100CD4E31 /* en */ = {isa = PBXFileReference; lastKnownFileType = text.plist.strings; name = en; path = en.lproj/InfoPlist.strings; sourceTree = "<group>"; };
		E9AE935518C60D3100CD4E31 /* main.m */ = {isa = PBXFileReference; lastKnownFileType = sourcecode.c.objc; path = main.m; sourceTree = "<group>"; };
		E9AE935718C60D3100CD4E31 /* Flip your phone!-Prefix.pch */ = {isa = PBXFileReference; lastKnownFileType = sourcecode.c.h; path = "Flip your phone!-Prefix.pch"; sourceTree = "<group>"; };
		E9AE935818C60D3100CD4E31 /* AppDelegate.h */ = {isa = PBXFileReference; lastKnownFileType = sourcecode.c.h; path = AppDelegate.h; sourceTree = "<group>"; };
		E9AE935918C60D3100CD4E31 /* AppDelegate.m */ = {isa = PBXFileReference; lastKnownFileType = sourcecode.c.objc; path = AppDelegate.m; sourceTree = "<group>"; };
		E9AE935C18C60D3100CD4E31 /* Base */ = {isa = PBXFileReference; lastKnownFileType = file.storyboard; name = Base; path = Base.lproj/Main.storyboard; sourceTree = "<group>"; };
		E9AE935E18C60D3100CD4E31 /* ViewController.h */ = {isa = PBXFileReference; lastKnownFileType = sourcecode.c.h; path = ViewController.h; sourceTree = "<group>"; };
		E9AE935F18C60D3100CD4E31 /* ViewController.m */ = {isa = PBXFileReference; lastKnownFileType = sourcecode.c.objc; path = ViewController.m; sourceTree = "<group>"; };
		E9AE936118C60D3100CD4E31 /* Images.xcassets */ = {isa = PBXFileReference; lastKnownFileType = folder.assetcatalog; path = Images.xcassets; sourceTree = "<group>"; };
		E9AE936718C60D3100CD4E31 /* Flip your phone!Tests.xctest */ = {isa = PBXFileReference; explicitFileType = wrapper.cfbundle; includeInIndex = 0; path = "Flip your phone!Tests.xctest"; sourceTree = BUILT_PRODUCTS_DIR; };
		E9AE936818C60D3100CD4E31 /* XCTest.framework */ = {isa = PBXFileReference; lastKnownFileType = wrapper.framework; name = XCTest.framework; path = Library/Frameworks/XCTest.framework; sourceTree = DEVELOPER_DIR; };
		E9AE937018C60D3100CD4E31 /* Flip your phone!Tests-Info.plist */ = {isa = PBXFileReference; lastKnownFileType = text.plist.xml; path = "Flip your phone!Tests-Info.plist"; sourceTree = "<group>"; };
		E9AE937218C60D3100CD4E31 /* en */ = {isa = PBXFileReference; lastKnownFileType = text.plist.strings; name = en; path = en.lproj/InfoPlist.strings; sourceTree = "<group>"; };
		E9AE937418C60D3100CD4E31 /* Flip_your_phone_Tests.m */ = {isa = PBXFileReference; lastKnownFileType = sourcecode.c.objc; path = Flip_your_phone_Tests.m; sourceTree = "<group>"; };
		E9AE93B418C63B2900CD4E31 /* reset_button_enabled@2x.png */ = {isa = PBXFileReference; lastKnownFileType = image.png; path = "reset_button_enabled@2x.png"; sourceTree = "<group>"; };
		E9AE93B518C63B2900CD4E31 /* stop_button_enabled@2x.png */ = {isa = PBXFileReference; lastKnownFileType = image.png; path = "stop_button_enabled@2x.png"; sourceTree = "<group>"; };
		E9AE93B618C63B2900CD4E31 /* start_button_disabled@2x.png */ = {isa = PBXFileReference; lastKnownFileType = image.png; path = "start_button_disabled@2x.png"; sourceTree = "<group>"; };
		E9AE93B718C63B2900CD4E31 /* reset_button_enabled.png */ = {isa = PBXFileReference; lastKnownFileType = image.png; path = reset_button_enabled.png; sourceTree = "<group>"; };
		E9AE93B818C63B2900CD4E31 /* start_button_disabled.png */ = {isa = PBXFileReference; lastKnownFileType = image.png; path = start_button_disabled.png; sourceTree = "<group>"; };
		E9AE93B918C63B2900CD4E31 /* reset_button_disabled.png */ = {isa = PBXFileReference; lastKnownFileType = image.png; path = reset_button_disabled.png; sourceTree = "<group>"; };
		E9AE93BA18C63B2900CD4E31 /* stop_button_disabled.png */ = {isa = PBXFileReference; lastKnownFileType = image.png; path = stop_button_disabled.png; sourceTree = "<group>"; };
		E9AE93BB18C63B2900CD4E31 /* stop_button_enabled.png */ = {isa = PBXFileReference; lastKnownFileType = image.png; path = stop_button_enabled.png; sourceTree = "<group>"; };
		E9AE93BC18C63B2900CD4E31 /* stop_button_disabled@2x.png */ = {isa = PBXFileReference; lastKnownFileType = image.png; path = "stop_button_disabled@2x.png"; sourceTree = "<group>"; };
		E9AE93BD18C63B2900CD4E31 /* reset_button_disabled@2x.png */ = {isa = PBXFileReference; lastKnownFileType = image.png; path = "reset_button_disabled@2x.png"; sourceTree = "<group>"; };
		E9AE93BE18C63B2900CD4E31 /* start_button_enabled@2x.png */ = {isa = PBXFileReference; lastKnownFileType = image.png; path = "start_button_enabled@2x.png"; sourceTree = "<group>"; };
		E9AE93BF18C63B2900CD4E31 /* start_button_enabled.png */ = {isa = PBXFileReference; lastKnownFileType = image.png; path = start_button_enabled.png; sourceTree = "<group>"; };
		E9AE93CC18C63F1600CD4E31 /* CoreMotion.framework */ = {isa = PBXFileReference; lastKnownFileType = wrapper.framework; name = CoreMotion.framework; path = System/Library/Frameworks/CoreMotion.framework; sourceTree = SDKROOT; };
		E9AE93CE18C6705A00CD4E31 /* MyActivityItemProvider.h */ = {isa = PBXFileReference; fileEncoding = 4; lastKnownFileType = sourcecode.c.h; path = MyActivityItemProvider.h; sourceTree = "<group>"; };
		E9AE93CF18C6705A00CD4E31 /* MyActivityItemProvider.m */ = {isa = PBXFileReference; fileEncoding = 4; lastKnownFileType = sourcecode.c.objc; path = MyActivityItemProvider.m; sourceTree = "<group>"; };
		E9AE93D318C68F2400CD4E31 /* flip_image.png */ = {isa = PBXFileReference; lastKnownFileType = image.png; path = flip_image.png; sourceTree = "<group>"; };
		E9AE93D418C68F2400CD4E31 /* flip_image@2x.png */ = {isa = PBXFileReference; lastKnownFileType = image.png; path = "flip_image@2x.png"; sourceTree = "<group>"; };
		E9AE93D718C6912200CD4E31 /* share_image@2x.png */ = {isa = PBXFileReference; lastKnownFileType = image.png; path = "share_image@2x.png"; sourceTree = "<group>"; };
		E9AE93D818C6912200CD4E31 /* share_image.png */ = {isa = PBXFileReference; lastKnownFileType = image.png; path = share_image.png; sourceTree = "<group>"; };
		E9AE93DD18C694BB00CD4E31 /* follow_us.png */ = {isa = PBXFileReference; lastKnownFileType = image.png; path = follow_us.png; sourceTree = "<group>"; };
		E9AE93DE18C694BB00CD4E31 /* follow_us@2x.png */ = {isa = PBXFileReference; lastKnownFileType = image.png; path = "follow_us@2x.png"; sourceTree = "<group>"; };
		E9AE93E118C6951700CD4E31 /* InformationViewController.h */ = {isa = PBXFileReference; fileEncoding = 4; lastKnownFileType = sourcecode.c.h; path = InformationViewController.h; sourceTree = "<group>"; };
		E9AE93E218C6951700CD4E31 /* InformationViewController.m */ = {isa = PBXFileReference; fileEncoding = 4; lastKnownFileType = sourcecode.c.objc; path = InformationViewController.m; sourceTree = "<group>"; };
/* End PBXFileReference section */

/* Begin PBXFrameworksBuildPhase section */
		E9AE934318C60D3100CD4E31 /* Frameworks */ = {
			isa = PBXFrameworksBuildPhase;
			buildActionMask = 2147483647;
			files = (
				E9AE93CD18C63F1600CD4E31 /* CoreMotion.framework in Frameworks */,
				E9AE934C18C60D3100CD4E31 /* CoreGraphics.framework in Frameworks */,
				E9AE934E18C60D3100CD4E31 /* UIKit.framework in Frameworks */,
				E9AE934A18C60D3100CD4E31 /* Foundation.framework in Frameworks */,
				54DDEBD17FA94C96B5789944 /* libPods.a in Frameworks */,
			);
			runOnlyForDeploymentPostprocessing = 0;
		};
		E9AE936418C60D3100CD4E31 /* Frameworks */ = {
			isa = PBXFrameworksBuildPhase;
			buildActionMask = 2147483647;
			files = (
				E9AE936918C60D3100CD4E31 /* XCTest.framework in Frameworks */,
				E9AE936B18C60D3100CD4E31 /* UIKit.framework in Frameworks */,
				E9AE936A18C60D3100CD4E31 /* Foundation.framework in Frameworks */,
			);
			runOnlyForDeploymentPostprocessing = 0;
		};
/* End PBXFrameworksBuildPhase section */

/* Begin PBXGroup section */
		E9AE933D18C60D3100CD4E31 = {
			isa = PBXGroup;
			children = (
				E9AE934F18C60D3100CD4E31 /* Flip your phone! */,
				E9AE936E18C60D3100CD4E31 /* Flip your phone!Tests */,
				E9AE934818C60D3100CD4E31 /* Frameworks */,
				E9AE934718C60D3100CD4E31 /* Products */,
				1212F885131D4BCEBF4E1C14 /* Pods.xcconfig */,
			);
			sourceTree = "<group>";
		};
		E9AE934718C60D3100CD4E31 /* Products */ = {
			isa = PBXGroup;
			children = (
				E9AE934618C60D3100CD4E31 /* Flip your phone!.app */,
				E9AE936718C60D3100CD4E31 /* Flip your phone!Tests.xctest */,
			);
			name = Products;
			sourceTree = "<group>";
		};
		E9AE934818C60D3100CD4E31 /* Frameworks */ = {
			isa = PBXGroup;
			children = (
				E9AE93CC18C63F1600CD4E31 /* CoreMotion.framework */,
				E9AE934918C60D3100CD4E31 /* Foundation.framework */,
				E9AE934B18C60D3100CD4E31 /* CoreGraphics.framework */,
				E9AE934D18C60D3100CD4E31 /* UIKit.framework */,
				E9AE936818C60D3100CD4E31 /* XCTest.framework */,
				0A71BD65F71C4B90A482C259 /* libPods.a */,
			);
			name = Frameworks;
			sourceTree = "<group>";
		};
		E9AE934F18C60D3100CD4E31 /* Flip your phone! */ = {
			isa = PBXGroup;
			children = (
				E9AE937E18C6144300CD4E31 /* Resources */,
				E9AE935818C60D3100CD4E31 /* AppDelegate.h */,
				E9AE935918C60D3100CD4E31 /* AppDelegate.m */,
				E9AE935B18C60D3100CD4E31 /* Main.storyboard */,
				E9AE935E18C60D3100CD4E31 /* ViewController.h */,
				E9AE935F18C60D3100CD4E31 /* ViewController.m */,
				E9AE93E118C6951700CD4E31 /* InformationViewController.h */,
				E9AE93E218C6951700CD4E31 /* InformationViewController.m */,
				E9AE93CE18C6705A00CD4E31 /* MyActivityItemProvider.h */,
				E9AE93CF18C6705A00CD4E31 /* MyActivityItemProvider.m */,
				E9AE936118C60D3100CD4E31 /* Images.xcassets */,
				E9AE935018C60D3100CD4E31 /* Supporting Files */,
			);
			path = "Flip your phone!";
			sourceTree = "<group>";
		};
		E9AE935018C60D3100CD4E31 /* Supporting Files */ = {
			isa = PBXGroup;
			children = (
				E9AE935118C60D3100CD4E31 /* Flip your phone!-Info.plist */,
				E9AE935218C60D3100CD4E31 /* InfoPlist.strings */,
				E9AE935518C60D3100CD4E31 /* main.m */,
				E9AE935718C60D3100CD4E31 /* Flip your phone!-Prefix.pch */,
			);
			name = "Supporting Files";
			sourceTree = "<group>";
		};
		E9AE936E18C60D3100CD4E31 /* Flip your phone!Tests */ = {
			isa = PBXGroup;
			children = (
				E9AE937418C60D3100CD4E31 /* Flip_your_phone_Tests.m */,
				E9AE936F18C60D3100CD4E31 /* Supporting Files */,
			);
			path = "Flip your phone!Tests";
			sourceTree = "<group>";
		};
		E9AE936F18C60D3100CD4E31 /* Supporting Files */ = {
			isa = PBXGroup;
			children = (
				E9AE937018C60D3100CD4E31 /* Flip your phone!Tests-Info.plist */,
				E9AE937118C60D3100CD4E31 /* InfoPlist.strings */,
			);
			name = "Supporting Files";
			sourceTree = "<group>";
		};
		E9AE937E18C6144300CD4E31 /* Resources */ = {
			isa = PBXGroup;
			children = (
				E9AE937F18C6144C00CD4E31 /* Images */,
			);
			name = Resources;
			sourceTree = "<group>";
		};
		E9AE937F18C6144C00CD4E31 /* Images */ = {
			isa = PBXGroup;
			children = (
				E9AE93B418C63B2900CD4E31 /* reset_button_enabled@2x.png */,
				E9AE93B518C63B2900CD4E31 /* stop_button_enabled@2x.png */,
				E9AE93B618C63B2900CD4E31 /* start_button_disabled@2x.png */,
				E9AE93B718C63B2900CD4E31 /* reset_button_enabled.png */,
				E9AE93B818C63B2900CD4E31 /* start_button_disabled.png */,
				E9AE93B918C63B2900CD4E31 /* reset_button_disabled.png */,
				E9AE93BA18C63B2900CD4E31 /* stop_button_disabled.png */,
				E9AE93BB18C63B2900CD4E31 /* stop_button_enabled.png */,
				E9AE93BC18C63B2900CD4E31 /* stop_button_disabled@2x.png */,
				E9AE93BD18C63B2900CD4E31 /* reset_button_disabled@2x.png */,
				E9AE93BE18C63B2900CD4E31 /* start_button_enabled@2x.png */,
				E9AE93BF18C63B2900CD4E31 /* start_button_enabled.png */,
				E9AE93D318C68F2400CD4E31 /* flip_image.png */,
				E9AE93D418C68F2400CD4E31 /* flip_image@2x.png */,
				E9AE93D718C6912200CD4E31 /* share_image@2x.png */,
				E9AE93D818C6912200CD4E31 /* share_image.png */,
				E9AE93DD18C694BB00CD4E31 /* follow_us.png */,
				E9AE93DE18C694BB00CD4E31 /* follow_us@2x.png */,
			);
			name = Images;
			sourceTree = "<group>";
		};
/* End PBXGroup section */

/* Begin PBXNativeTarget section */
		E9AE934518C60D3100CD4E31 /* Flip your phone! */ = {
			isa = PBXNativeTarget;
			buildConfigurationList = E9AE937818C60D3100CD4E31 /* Build configuration list for PBXNativeTarget "Flip your phone!" */;
			buildPhases = (
				0B79824672164B63AE3875B8 /* Check Pods Manifest.lock */,
				E9AE934218C60D3100CD4E31 /* Sources */,
				E9AE934318C60D3100CD4E31 /* Frameworks */,
				E9AE934418C60D3100CD4E31 /* Resources */,
				9AB208B10C8A48EB9DDBF82B /* Copy Pods Resources */,
			);
			buildRules = (
			);
			dependencies = (
			);
			name = "Flip your phone!";
			productName = "Flip your phone!";
			productReference = E9AE934618C60D3100CD4E31 /* Flip your phone!.app */;
			productType = "com.apple.product-type.application";
		};
		E9AE936618C60D3100CD4E31 /* Flip your phone!Tests */ = {
			isa = PBXNativeTarget;
			buildConfigurationList = E9AE937B18C60D3100CD4E31 /* Build configuration list for PBXNativeTarget "Flip your phone!Tests" */;
			buildPhases = (
				E9AE936318C60D3100CD4E31 /* Sources */,
				E9AE936418C60D3100CD4E31 /* Frameworks */,
				E9AE936518C60D3100CD4E31 /* Resources */,
			);
			buildRules = (
			);
			dependencies = (
				E9AE936D18C60D3100CD4E31 /* PBXTargetDependency */,
			);
			name = "Flip your phone!Tests";
			productName = "Flip your phone!Tests";
			productReference = E9AE936718C60D3100CD4E31 /* Flip your phone!Tests.xctest */;
			productType = "com.apple.product-type.bundle.unit-test";
		};
/* End PBXNativeTarget section */

/* Begin PBXProject section */
		E9AE933E18C60D3100CD4E31 /* Project object */ = {
			isa = PBXProject;
			attributes = {
				LastUpgradeCheck = 0510;
				ORGANIZATIONNAME = "Abel Pascual";
				TargetAttributes = {
					E9AE934518C60D3100CD4E31 = {
						DevelopmentTeam = 78X493XZCM;
					};
					E9AE936618C60D3100CD4E31 = {
						TestTargetID = E9AE934518C60D3100CD4E31;
					};
				};
			};
			buildConfigurationList = E9AE934118C60D3100CD4E31 /* Build configuration list for PBXProject "Flip your phone!" */;
			compatibilityVersion = "Xcode 3.2";
			developmentRegion = English;
			hasScannedForEncodings = 0;
			knownRegions = (
				en,
				Base,
			);
			mainGroup = E9AE933D18C60D3100CD4E31;
			productRefGroup = E9AE934718C60D3100CD4E31 /* Products */;
			projectDirPath = "";
			projectRoot = "";
			targets = (
				E9AE934518C60D3100CD4E31 /* Flip your phone! */,
				E9AE936618C60D3100CD4E31 /* Flip your phone!Tests */,
			);
		};
/* End PBXProject section */

/* Begin PBXResourcesBuildPhase section */
		E9AE934418C60D3100CD4E31 /* Resources */ = {
			isa = PBXResourcesBuildPhase;
			buildActionMask = 2147483647;
			files = (
				E9AE93C018C63B2900CD4E31 /* reset_button_enabled@2x.png in Resources */,
				E9AE93DA18C6912200CD4E31 /* share_image.png in Resources */,
				E9AE93C218C63B2900CD4E31 /* start_button_disabled@2x.png in Resources */,
				E9AE93C718C63B2900CD4E31 /* stop_button_enabled.png in Resources */,
				E9AE936218C60D3100CD4E31 /* Images.xcassets in Resources */,
				E9AE93C818C63B2900CD4E31 /* stop_button_disabled@2x.png in Resources */,
				E9AE93D618C68F2400CD4E31 /* flip_image@2x.png in Resources */,
				E9AE93CA18C63B2900CD4E31 /* start_button_enabled@2x.png in Resources */,
				E9AE935418C60D3100CD4E31 /* InfoPlist.strings in Resources */,
				E9AE93D918C6912200CD4E31 /* share_image@2x.png in Resources */,
				E9AE93DF18C694BB00CD4E31 /* follow_us.png in Resources */,
				E9AE93C418C63B2900CD4E31 /* start_button_disabled.png in Resources */,
				E9AE93E018C694BB00CD4E31 /* follow_us@2x.png in Resources */,
				E9AE93C518C63B2900CD4E31 /* reset_button_disabled.png in Resources */,
				E9AE93CB18C63B2900CD4E31 /* start_button_enabled.png in Resources */,
				E9AE935D18C60D3100CD4E31 /* Main.storyboard in Resources */,
				E9AE93C618C63B2900CD4E31 /* stop_button_disabled.png in Resources */,
				E9AE93C318C63B2900CD4E31 /* reset_button_enabled.png in Resources */,
				E9AE93C918C63B2900CD4E31 /* reset_button_disabled@2x.png in Resources */,
				E9AE93D518C68F2400CD4E31 /* flip_image.png in Resources */,
				E9AE93C118C63B2900CD4E31 /* stop_button_enabled@2x.png in Resources */,
			);
			runOnlyForDeploymentPostprocessing = 0;
		};
		E9AE936518C60D3100CD4E31 /* Resources */ = {
			isa = PBXResourcesBuildPhase;
			buildActionMask = 2147483647;
			files = (
				E9AE937318C60D3100CD4E31 /* InfoPlist.strings in Resources */,
			);
			runOnlyForDeploymentPostprocessing = 0;
		};
/* End PBXResourcesBuildPhase section */

/* Begin PBXShellScriptBuildPhase section */
		0B79824672164B63AE3875B8 /* Check Pods Manifest.lock */ = {
			isa = PBXShellScriptBuildPhase;
			buildActionMask = 2147483647;
			files = (
			);
			inputPaths = (
			);
			name = "Check Pods Manifest.lock";
			outputPaths = (
			);
			runOnlyForDeploymentPostprocessing = 0;
			shellPath = /bin/sh;
			shellScript = "diff \"${PODS_ROOT}/../Podfile.lock\" \"${PODS_ROOT}/Manifest.lock\" > /dev/null\nif [[ $? != 0 ]] ; then\n    cat << EOM\nerror: The sandbox is not in sync with the Podfile.lock. Run 'pod install' or update your CocoaPods installation.\nEOM\n    exit 1\nfi\n";
			showEnvVarsInLog = 0;
		};
		9AB208B10C8A48EB9DDBF82B /* Copy Pods Resources */ = {
			isa = PBXShellScriptBuildPhase;
			buildActionMask = 2147483647;
			files = (
			);
			inputPaths = (
			);
			name = "Copy Pods Resources";
			outputPaths = (
			);
			runOnlyForDeploymentPostprocessing = 0;
			shellPath = /bin/sh;
			shellScript = "\"${SRCROOT}/Pods/Pods-resources.sh\"\n";
			showEnvVarsInLog = 0;
		};
/* End PBXShellScriptBuildPhase section */

/* Begin PBXSourcesBuildPhase section */
		E9AE934218C60D3100CD4E31 /* Sources */ = {
			isa = PBXSourcesBuildPhase;
			buildActionMask = 2147483647;
			files = (
				E9AE93E318C6951800CD4E31 /* InformationViewController.m in Sources */,
				E9AE93D018C6705A00CD4E31 /* MyActivityItemProvider.m in Sources */,
				E9AE936018C60D3100CD4E31 /* ViewController.m in Sources */,
				E9AE935A18C60D3100CD4E31 /* AppDelegate.m in Sources */,
				E9AE935618C60D3100CD4E31 /* main.m in Sources */,
			);
			runOnlyForDeploymentPostprocessing = 0;
		};
		E9AE936318C60D3100CD4E31 /* Sources */ = {
			isa = PBXSourcesBuildPhase;
			buildActionMask = 2147483647;
			files = (
				E9AE937518C60D3100CD4E31 /* Flip_your_phone_Tests.m in Sources */,
			);
			runOnlyForDeploymentPostprocessing = 0;
		};
/* End PBXSourcesBuildPhase section */

/* Begin PBXTargetDependency section */
		E9AE936D18C60D3100CD4E31 /* PBXTargetDependency */ = {
			isa = PBXTargetDependency;
			target = E9AE934518C60D3100CD4E31 /* Flip your phone! */;
			targetProxy = E9AE936C18C60D3100CD4E31 /* PBXContainerItemProxy */;
		};
/* End PBXTargetDependency section */

/* Begin PBXVariantGroup section */
		E9AE935218C60D3100CD4E31 /* InfoPlist.strings */ = {
			isa = PBXVariantGroup;
			children = (
				E9AE935318C60D3100CD4E31 /* en */,
			);
			name = InfoPlist.strings;
			sourceTree = "<group>";
		};
		E9AE935B18C60D3100CD4E31 /* Main.storyboard */ = {
			isa = PBXVariantGroup;
			children = (
				E9AE935C18C60D3100CD4E31 /* Base */,
			);
			name = Main.storyboard;
			sourceTree = "<group>";
		};
		E9AE937118C60D3100CD4E31 /* InfoPlist.strings */ = {
			isa = PBXVariantGroup;
			children = (
				E9AE937218C60D3100CD4E31 /* en */,
			);
			name = InfoPlist.strings;
			sourceTree = "<group>";
		};
/* End PBXVariantGroup section */

/* Begin XCBuildConfiguration section */
		E9AE937618C60D3100CD4E31 /* Debug */ = {
			isa = XCBuildConfiguration;
			buildSettings = {
				ALWAYS_SEARCH_USER_PATHS = NO;
				CLANG_CXX_LANGUAGE_STANDARD = "gnu++0x";
				CLANG_CXX_LIBRARY = "libc++";
				CLANG_ENABLE_MODULES = YES;
				CLANG_ENABLE_OBJC_ARC = YES;
				CLANG_WARN_BOOL_CONVERSION = YES;
				CLANG_WARN_CONSTANT_CONVERSION = YES;
				CLANG_WARN_DIRECT_OBJC_ISA_USAGE = YES_ERROR;
				CLANG_WARN_EMPTY_BODY = YES;
				CLANG_WARN_ENUM_CONVERSION = YES;
				CLANG_WARN_INT_CONVERSION = YES;
				CLANG_WARN_OBJC_ROOT_CLASS = YES_ERROR;
				CLANG_WARN__DUPLICATE_METHOD_MATCH = YES;
				"CODE_SIGN_IDENTITY[sdk=iphoneos*]" = "iPhone Developer";
				COPY_PHASE_STRIP = NO;
				GCC_C_LANGUAGE_STANDARD = gnu99;
				GCC_DYNAMIC_NO_PIC = NO;
				GCC_OPTIMIZATION_LEVEL = 0;
				GCC_PREPROCESSOR_DEFINITIONS = (
					"DEBUG=1",
					"$(inherited)",
				);
				GCC_SYMBOLS_PRIVATE_EXTERN = NO;
				GCC_WARN_64_TO_32_BIT_CONVERSION = YES;
				GCC_WARN_ABOUT_RETURN_TYPE = YES_ERROR;
				GCC_WARN_UNDECLARED_SELECTOR = YES;
				GCC_WARN_UNINITIALIZED_AUTOS = YES;
				GCC_WARN_UNUSED_FUNCTION = YES;
				GCC_WARN_UNUSED_VARIABLE = YES;
				IPHONEOS_DEPLOYMENT_TARGET = 6.1;
				ONLY_ACTIVE_ARCH = YES;
				SDKROOT = iphoneos;
			};
			name = Debug;
		};
		E9AE937718C60D3100CD4E31 /* Release */ = {
			isa = XCBuildConfiguration;
			buildSettings = {
				ALWAYS_SEARCH_USER_PATHS = NO;
				CLANG_CXX_LANGUAGE_STANDARD = "gnu++0x";
				CLANG_CXX_LIBRARY = "libc++";
				CLANG_ENABLE_MODULES = YES;
				CLANG_ENABLE_OBJC_ARC = YES;
				CLANG_WARN_BOOL_CONVERSION = YES;
				CLANG_WARN_CONSTANT_CONVERSION = YES;
				CLANG_WARN_DIRECT_OBJC_ISA_USAGE = YES_ERROR;
				CLANG_WARN_EMPTY_BODY = YES;
				CLANG_WARN_ENUM_CONVERSION = YES;
				CLANG_WARN_INT_CONVERSION = YES;
				CLANG_WARN_OBJC_ROOT_CLASS = YES_ERROR;
				CLANG_WARN__DUPLICATE_METHOD_MATCH = YES;
				"CODE_SIGN_IDENTITY[sdk=iphoneos*]" = "iPhone Developer";
				COPY_PHASE_STRIP = YES;
				ENABLE_NS_ASSERTIONS = NO;
				GCC_C_LANGUAGE_STANDARD = gnu99;
				GCC_WARN_64_TO_32_BIT_CONVERSION = YES;
				GCC_WARN_ABOUT_RETURN_TYPE = YES_ERROR;
				GCC_WARN_UNDECLARED_SELECTOR = YES;
				GCC_WARN_UNINITIALIZED_AUTOS = YES;
				GCC_WARN_UNUSED_FUNCTION = YES;
				GCC_WARN_UNUSED_VARIABLE = YES;
				IPHONEOS_DEPLOYMENT_TARGET = 6.1;
				SDKROOT = iphoneos;
				VALIDATE_PRODUCT = YES;
			};
			name = Release;
		};
		E9AE937918C60D3100CD4E31 /* Debug */ = {
			isa = XCBuildConfiguration;
			baseConfigurationReference = 1212F885131D4BCEBF4E1C14 /* Pods.xcconfig */;
			buildSettings = {
				ASSETCATALOG_COMPILER_APPICON_NAME = AppIcon;
				ASSETCATALOG_COMPILER_LAUNCHIMAGE_NAME = LaunchImage;
				CODE_SIGN_IDENTITY = "";
				"CODE_SIGN_IDENTITY[sdk=iphoneos*]" = "";
				GCC_PRECOMPILE_PREFIX_HEADER = YES;
				GCC_PREFIX_HEADER = "Flip your phone!/Flip your phone!-Prefix.pch";
				INFOPLIST_FILE = "Flip your phone!/Flip your phone!-Info.plist";
				IPHONEOS_DEPLOYMENT_TARGET = 6.0;
				PRODUCT_NAME = "$(TARGET_NAME)";
				PROVISIONING_PROFILE = "20B8C300-4BEA-4921-B653-6C926A110140";
				WRAPPER_EXTENSION = app;
			};
			name = Debug;
		};
		E9AE937A18C60D3100CD4E31 /* Release */ = {
			isa = XCBuildConfiguration;
			baseConfigurationReference = 1212F885131D4BCEBF4E1C14 /* Pods.xcconfig */;
			buildSettings = {
				ASSETCATALOG_COMPILER_APPICON_NAME = AppIcon;
				ASSETCATALOG_COMPILER_LAUNCHIMAGE_NAME = LaunchImage;
				CODE_SIGN_IDENTITY = "";
				"CODE_SIGN_IDENTITY[sdk=iphoneos*]" = "";
				GCC_PRECOMPILE_PREFIX_HEADER = YES;
				GCC_PREFIX_HEADER = "Flip your phone!/Flip your phone!-Prefix.pch";
				INFOPLIST_FILE = "Flip your phone!/Flip your phone!-Info.plist";
				IPHONEOS_DEPLOYMENT_TARGET = 6.0;
				PRODUCT_NAME = "$(TARGET_NAME)";
				PROVISIONING_PROFILE = "20B8C300-4BEA-4921-B653-6C926A110140";
				WRAPPER_EXTENSION = app;
			};
			name = Release;
		};
		E9AE937C18C60D3100CD4E31 /* Debug */ = {
			isa = XCBuildConfiguration;
			buildSettings = {
				BUNDLE_LOADER = "$(BUILT_PRODUCTS_DIR)/Flip your phone!.app/Flip your phone!";
				FRAMEWORK_SEARCH_PATHS = (
					"$(SDKROOT)/Developer/Library/Frameworks",
					"$(inherited)",
					"$(DEVELOPER_FRAMEWORKS_DIR)",
				);
				GCC_PRECOMPILE_PREFIX_HEADER = YES;
				GCC_PREFIX_HEADER = "Flip your phone!/Flip your phone!-Prefix.pch";
				GCC_PREPROCESSOR_DEFINITIONS = (
					"DEBUG=1",
					"$(inherited)",
				);
				INFOPLIST_FILE = "Flip your phone!Tests/Flip your phone!Tests-Info.plist";
				PRODUCT_NAME = "$(TARGET_NAME)";
				TEST_HOST = "$(BUNDLE_LOADER)";
				WRAPPER_EXTENSION = xctest;
			};
			name = Debug;
		};
		E9AE937D18C60D3100CD4E31 /* Release */ = {
			isa = XCBuildConfiguration;
			buildSettings = {
				BUNDLE_LOADER = "$(BUILT_PRODUCTS_DIR)/Flip your phone!.app/Flip your phone!";
				FRAMEWORK_SEARCH_PATHS = (
					"$(SDKROOT)/Developer/Library/Frameworks",
					"$(inherited)",
					"$(DEVELOPER_FRAMEWORKS_DIR)",
				);
				GCC_PRECOMPILE_PREFIX_HEADER = YES;
				GCC_PREFIX_HEADER = "Flip your phone!/Flip your phone!-Prefix.pch";
				INFOPLIST_FILE = "Flip your phone!Tests/Flip your phone!Tests-Info.plist";
				PRODUCT_NAME = "$(TARGET_NAME)";
				TEST_HOST = "$(BUNDLE_LOADER)";
				WRAPPER_EXTENSION = xctest;
			};
			name = Release;
		};
/* End XCBuildConfiguration section */

/* Begin XCConfigurationList section */
		E9AE934118C60D3100CD4E31 /* Build configuration list for PBXProject "Flip your phone!" */ = {
			isa = XCConfigurationList;
			buildConfigurations = (
				E9AE937618C60D3100CD4E31 /* Debug */,
				E9AE937718C60D3100CD4E31 /* Release */,
			);
			defaultConfigurationIsVisible = 0;
			defaultConfigurationName = Release;
		};
		E9AE937818C60D3100CD4E31 /* Build configuration list for PBXNativeTarget "Flip your phone!" */ = {
			isa = XCConfigurationList;
			buildConfigurations = (
				E9AE937918C60D3100CD4E31 /* Debug */,
				E9AE937A18C60D3100CD4E31 /* Release */,
			);
			defaultConfigurationIsVisible = 0;
			defaultConfigurationName = Release;
		};
		E9AE937B18C60D3100CD4E31 /* Build configuration list for PBXNativeTarget "Flip your phone!Tests" */ = {
			isa = XCConfigurationList;
			buildConfigurations = (
				E9AE937C18C60D3100CD4E31 /* Debug */,
				E9AE937D18C60D3100CD4E31 /* Release */,
			);
			defaultConfigurationIsVisible = 0;
			defaultConfigurationName = Release;
		};
/* End XCConfigurationList section */
	};
	rootObject = E9AE933E18C60D3100CD4E31 /* Project object */;
}
